Microsoft Visual Studio Solution File, Format Version 12.00
# Visual Studio Version 17
VisualStudioVersion = 17.5.2.0
MinimumVisualStudioVersion = 10.0.40219.1
Project("{FAE04EC0-301F-11D3-BF4B-00C04F79EFBC}") = "ChatRobor", "ChatRobor\ChatRobor.csproj", "{0631D3DA-E4A3-D862-6745-93F59F5926A9}"
EndProject
Global
	GlobalSection(SolutionConfigurationPlatforms) = preSolution
		Debug|Any CPU = Debug|Any CPU
		Release|Any CPU = Release|Any CPU
	EndGlobalSection
	GlobalSection(ProjectConfigurationPlatforms) = postSolution
		{0631D3DA-E4A3-D862-6745-93F59F5926A9}.Debug|Any CPU.ActiveCfg = Debug|Any CPU
		{0631D3DA-E4A3-D862-6745-93F59F5926A9}.Debug|Any CPU.Build.0 = Debug|Any CPU
		{0631D3DA-E4A3-D862-6745-93F59F5926A9}.Release|Any CPU.ActiveCfg = Release|Any CPU
		{0631D3DA-E4A3-D862-6745-93F59F5926A9}.Release|Any CPU.Build.0 = Release|Any CPU
	EndGlobalSection
	GlobalSection(SolutionProperties) = preSolution
		HideSolutionNode = FALSE
	EndGlobalSection
	GlobalSection(ExtensibilityGlobals) = postSolution
		SolutionGuid = {F884E14C-9BD4-4442-BBB9-DC65B46B2DF4}
	EndGlobalSection
EndGlobal
